
Microsoft Visual Studio Solution File, Format Version 12.00
# Visual Studio Version 16
VisualStudioVersion = 16.0.31613.86
MinimumVisualStudioVersion = 10.0.40219.1
Project("{FAE04EC0-301F-11D3-BF4B-00C04F79EFBC}") = "ModelFirst", "ModelFirst\ModelFirst.csproj", "{18926B55-B47B-468B-A2CA-3685FB781467}"
EndProject
Global
	GlobalSection(SolutionConfigurationPlatforms) = preSolution
		Debug|Any CPU = Debug|Any CPU
		Release|Any CPU = Release|Any CPU
	EndGlobalSection
	GlobalSection(ProjectConfigurationPlatforms) = postSolution
		{18926B55-B47B-468B-A2CA-3685FB781467}.Debug|Any CPU.ActiveCfg = Debug|Any CPU
		{18926B55-B47B-468B-A2CA-3685FB781467}.Debug|Any CPU.Build.0 = Debug|Any CPU
		{18926B55-B47B-468B-A2CA-3685FB781467}.Release|Any CPU.ActiveCfg = Release|Any CPU
		{18926B55-B47B-468B-A2CA-3685FB781467}.Release|Any CPU.Build.0 = Release|Any CPU
	EndGlobalSection
	GlobalSection(SolutionProperties) = preSolution
		HideSolutionNode = FALSE
	EndGlobalSection
	GlobalSection(ExtensibilityGlobals) = postSolution
		SolutionGuid = {CFD14BE1-CB59-4627-A9E2-04040DCA7220}
	EndGlobalSection
EndGlobal
