
Microsoft Visual Studio Solution File, Format Version 12.00
# Visual Studio Version 16
VisualStudioVersion = 16.0.31515.178
MinimumVisualStudioVersion = 10.0.40219.1
Project("{FAE04EC0-301F-11D3-BF4B-00C04F79EFBC}") = "HUCANET_Formu", "HUCANET_Formu\HUCANET_Formu.csproj", "{10FB687E-5031-4C71-92FC-8098EFD9D677}"
EndProject
Global
	GlobalSection(SolutionConfigurationPlatforms) = preSolution
		Debug|Any CPU = Debug|Any CPU
		Release|Any CPU = Release|Any CPU
	EndGlobalSection
	GlobalSection(ProjectConfigurationPlatforms) = postSolution
		{10FB687E-5031-4C71-92FC-8098EFD9D677}.Debug|Any CPU.ActiveCfg = Debug|Any CPU
		{10FB687E-5031-4C71-92FC-8098EFD9D677}.Debug|Any CPU.Build.0 = Debug|Any CPU
		{10FB687E-5031-4C71-92FC-8098EFD9D677}.Release|Any CPU.ActiveCfg = Release|Any CPU
		{10FB687E-5031-4C71-92FC-8098EFD9D677}.Release|Any CPU.Build.0 = Release|Any CPU
	EndGlobalSection
	GlobalSection(SolutionProperties) = preSolution
		HideSolutionNode = FALSE
	EndGlobalSection
	GlobalSection(ExtensibilityGlobals) = postSolution
		SolutionGuid = {8B710092-E565-4924-A3C1-4638A7092D07}
	EndGlobalSection
EndGlobal
